// !$*UTF8*$!
{
	archiveVersion = 1;
	classes = {
	};
	objectVersion = 56;
	objects = {

/* Begin PBXBuildFile section */
		2F6AB0E7290EBA6200E1185E /* Your_SkinApp.swift in Sources */ = {isa = PBXBuildFile; fileRef = 2F6AB0E6290EBA6200E1185E /* Your_SkinApp.swift */; };
		2F6AB0E9290EBA6200E1185E /* ContentView.swift in Sources */ = {isa = PBXBuildFile; fileRef = 2F6AB0E8290EBA6200E1185E /* ContentView.swift */; };
		2F6AB0EB290EBA6400E1185E /* Assets.xcassets in Resources */ = {isa = PBXBuildFile; fileRef = 2F6AB0EA290EBA6400E1185E /* Assets.xcassets */; };
		2F6AB0EF290EBA6400E1185E /* Preview Assets.xcassets in Resources */ = {isa = PBXBuildFile; fileRef = 2F6AB0EE290EBA6400E1185E /* Preview Assets.xcassets */; };
		2F6AB0F9290EBA6400E1185E /* Your_SkinTests.swift in Sources */ = {isa = PBXBuildFile; fileRef = 2F6AB0F8290EBA6400E1185E /* Your_SkinTests.swift */; };
		2F6AB103290EBA6400E1185E /* Your_SkinUITests.swift in Sources */ = {isa = PBXBuildFile; fileRef = 2F6AB102290EBA6400E1185E /* Your_SkinUITests.swift */; };
		2F6AB105290EBA6400E1185E /* Your_SkinUITestsLaunchTests.swift in Sources */ = {isa = PBXBuildFile; fileRef = 2F6AB104290EBA6400E1185E /* Your_SkinUITestsLaunchTests.swift */; };
/* End PBXBuildFile section */

/* Begin PBXContainerItemProxy section */
		2F6AB0F5290EBA6400E1185E /* PBXContainerItemProxy */ = {
			isa = PBXContainerItemProxy;
			containerPortal = 2F6AB0DB290EBA6200E1185E /* Project object */;
			proxyType = 1;
			remoteGlobalIDString = 2F6AB0E2290EBA6200E1185E;
			remoteInfo = "Your Skin";
		};
		2F6AB0FF290EBA6400E1185E /* PBXContainerItemProxy */ = {
			isa = PBXContainerItemProxy;
			containerPortal = 2F6AB0DB290EBA6200E1185E /* Project object */;
			proxyType = 1;
			remoteGlobalIDString = 2F6AB0E2290EBA6200E1185E;
			remoteInfo = "Your Skin";
		};
/* End PBXContainerItemProxy section */

/* Begin PBXFileReference section */
		2F6AB0E3290EBA6200E1185E /* Your Skin.app */ = {isa = PBXFileReference; explicitFileType = wrapper.application; includeInIndex = 0; path = "Your Skin.app"; sourceTree = BUILT_PRODUCTS_DIR; };
		2F6AB0E6290EBA6200E1185E /* Your_SkinApp.swift */ = {isa = PBXFileReference; lastKnownFileType = sourcecode.swift; path = Your_SkinApp.swift; sourceTree = "<group>"; };
		2F6AB0E8290EBA6200E1185E /* ContentView.swift */ = {isa = PBXFileReference; lastKnownFileType = sourcecode.swift; path = ContentView.swift; sourceTree = "<group>"; };
		2F6AB0EA290EBA6400E1185E /* Assets.xcassets */ = {isa = PBXFileReference; lastKnownFileType = folder.assetcatalog; path = Assets.xcassets; sourceTree = "<group>"; };
		2F6AB0EC290EBA6400E1185E /* Your_Skin.entitlements */ = {isa = PBXFileReference; lastKnownFileType = text.plist.entitlements; path = Your_Skin.entitlements; sourceTree = "<group>"; };
		2F6AB0EE290EBA6400E1185E /* Preview Assets.xcassets */ = {isa = PBXFileReference; lastKnownFileType = folder.assetcatalog; path = "Preview Assets.xcassets"; sourceTree = "<group>"; };
		2F6AB0F4290EBA6400E1185E /* Your SkinTests.xctest */ = {isa = PBXFileReference; explicitFileType = wrapper.cfbundle; includeInIndex = 0; path = "Your SkinTests.xctest"; sourceTree = BUILT_PRODUCTS_DIR; };
		2F6AB0F8290EBA6400E1185E /* Your_SkinTests.swift */ = {isa = PBXFileReference; lastKnownFileType = sourcecode.swift; path = Your_SkinTests.swift; sourceTree = "<group>"; };
		2F6AB0FE290EBA6400E1185E /* Your SkinUITests.xctest */ = {isa = PBXFileReference; explicitFileType = wrapper.cfbundle; includeInIndex = 0; path = "Your SkinUITests.xctest"; sourceTree = BUILT_PRODUCTS_DIR; };
		2F6AB102290EBA6400E1185E /* Your_SkinUITests.swift */ = {isa = PBXFileReference; lastKnownFileType = sourcecode.swift; path = Your_SkinUITests.swift; sourceTree = "<group>"; };
		2F6AB104290EBA6400E1185E /* Your_SkinUITestsLaunchTests.swift */ = {isa = PBXFileReference; lastKnownFileType = sourcecode.swift; path = Your_SkinUITestsLaunchTests.swift; sourceTree = "<group>"; };
/* End PBXFileReference section */

/* Begin PBXFrameworksBuildPhase section */
		2F6AB0E0290EBA6200E1185E /* Frameworks */ = {
			isa = PBXFrameworksBuildPhase;
			buildActionMask = 2147483647;
			files = (
			);
			runOnlyForDeploymentPostprocessing = 0;
		};
		2F6AB0F1290EBA6400E1185E /* Frameworks */ = {
			isa = PBXFrameworksBuildPhase;
			buildActionMask = 2147483647;
			files = (
			);
			runOnlyForDeploymentPostprocessing = 0;
		};
		2F6AB0FB290EBA6400E1185E /* Frameworks */ = {
			isa = PBXFrameworksBuildPhase;
			buildActionMask = 2147483647;
			files = (
			);
			runOnlyForDeploymentPostprocessing = 0;
		};
/* End PBXFrameworksBuildPhase section */

/* Begin PBXGroup section */
		2F6AB0DA290EBA6200E1185E = {
			isa = PBXGroup;
			children = (
				2F6AB0E5290EBA6200E1185E /* Your Skin */,
				2F6AB0F7290EBA6400E1185E /* Your SkinTests */,
				2F6AB101290EBA6400E1185E /* Your SkinUITests */,
				2F6AB0E4290EBA6200E1185E /* Products */,
			);
			sourceTree = "<group>";
		};
		2F6AB0E4290EBA6200E1185E /* Products */ = {
			isa = PBXGroup;
			children = (
				2F6AB0E3290EBA6200E1185E /* Your Skin.app */,
				2F6AB0F4290EBA6400E1185E /* Your SkinTests.xctest */,
				2F6AB0FE290EBA6400E1185E /* Your SkinUITests.xctest */,
			);
			name = Products;
			sourceTree = "<group>";
		};
		2F6AB0E5290EBA6200E1185E /* Your Skin */ = {
			isa = PBXGroup;
			children = (
				2F6AB0E6290EBA6200E1185E /* Your_SkinApp.swift */,
				2F6AB0E8290EBA6200E1185E /* ContentView.swift */,
				2F6AB0EA290EBA6400E1185E /* Assets.xcassets */,
				2F6AB0EC290EBA6400E1185E /* Your_Skin.entitlements */,
				2F6AB0ED290EBA6400E1185E /* Preview Content */,
			);
			path = "Your Skin";
			sourceTree = "<group>";
		};
		2F6AB0ED290EBA6400E1185E /* Preview Content */ = {
			isa = PBXGroup;
			children = (
				2F6AB0EE290EBA6400E1185E /* Preview Assets.xcassets */,
			);
			path = "Preview Content";
			sourceTree = "<group>";
		};
		2F6AB0F7290EBA6400E1185E /* Your SkinTests */ = {
			isa = PBXGroup;
			children = (
				2F6AB0F8290EBA6400E1185E /* Your_SkinTests.swift */,
			);
			path = "Your SkinTests";
			sourceTree = "<group>";
		};
		2F6AB101290EBA6400E1185E /* Your SkinUITests */ = {
			isa = PBXGroup;
			children = (
				2F6AB102290EBA6400E1185E /* Your_SkinUITests.swift */,
				2F6AB104290EBA6400E1185E /* Your_SkinUITestsLaunchTests.swift */,
			);
			path = "Your SkinUITests";
			sourceTree = "<group>";
		};
/* End PBXGroup section */

/* Begin PBXNativeTarget section */
		2F6AB0E2290EBA6200E1185E /* Your Skin */ = {
			isa = PBXNativeTarget;
			buildConfigurationList = 2F6AB108290EBA6400E1185E /* Build configuration list for PBXNativeTarget "Your Skin" */;
			buildPhases = (
				2F6AB0DF290EBA6200E1185E /* Sources */,
				2F6AB0E0290EBA6200E1185E /* Frameworks */,
				2F6AB0E1290EBA6200E1185E /* Resources */,
			);
			buildRules = (
			);
			dependencies = (
			);
			name = "Your Skin";
			productName = "Your Skin";
			productReference = 2F6AB0E3290EBA6200E1185E /* Your Skin.app */;
			productType = "com.apple.product-type.application";
		};
		2F6AB0F3290EBA6400E1185E /* Your SkinTests */ = {
			isa = PBXNativeTarget;
			buildConfigurationList = 2F6AB10B290EBA6400E1185E /* Build configuration list for PBXNativeTarget "Your SkinTests" */;
			buildPhases = (
				2F6AB0F0290EBA6400E1185E /* Sources */,
				2F6AB0F1290EBA6400E1185E /* Frameworks */,
				2F6AB0F2290EBA6400E1185E /* Resources */,
			);
			buildRules = (
			);
			dependencies = (
				2F6AB0F6290EBA6400E1185E /* PBXTargetDependency */,
			);
			name = "Your SkinTests";
			productName = "Your SkinTests";
			productReference = 2F6AB0F4290EBA6400E1185E /* Your SkinTests.xctest */;
			productType = "com.apple.product-type.bundle.unit-test";
		};
		2F6AB0FD290EBA6400E1185E /* Your SkinUITests */ = {
			isa = PBXNativeTarget;
			buildConfigurationList = 2F6AB10E290EBA6400E1185E /* Build configuration list for PBXNativeTarget "Your SkinUITests" */;
			buildPhases = (
				2F6AB0FA290EBA6400E1185E /* Sources */,
				2F6AB0FB290EBA6400E1185E /* Frameworks */,
				2F6AB0FC290EBA6400E1185E /* Resources */,
			);
			buildRules = (
			);
			dependencies = (
				2F6AB100290EBA6400E1185E /* PBXTargetDependency */,
			);
			name = "Your SkinUITests";
			productName = "Your SkinUITests";
			productReference = 2F6AB0FE290EBA6400E1185E /* Your SkinUITests.xctest */;
			productType = "com.apple.product-type.bundle.ui-testing";
		};
/* End PBXNativeTarget section */

/* Begin PBXProject section */
		2F6AB0DB290EBA6200E1185E /* Project object */ = {
			isa = PBXProject;
			attributes = {
				BuildIndependentTargetsInParallel = 1;
				LastSwiftUpdateCheck = 1400;
				LastUpgradeCheck = 1400;
				TargetAttributes = {
					2F6AB0E2290EBA6200E1185E = {
						CreatedOnToolsVersion = 14.0.1;
					};
					2F6AB0F3290EBA6400E1185E = {
						CreatedOnToolsVersion = 14.0.1;
						TestTargetID = 2F6AB0E2290EBA6200E1185E;
					};
					2F6AB0FD290EBA6400E1185E = {
						CreatedOnToolsVersion = 14.0.1;
						TestTargetID = 2F6AB0E2290EBA6200E1185E;
					};
				};
			};
			buildConfigurationList = 2F6AB0DE290EBA6200E1185E /* Build configuration list for PBXProject "Your Skin" */;
			compatibilityVersion = "Xcode 14.0";
			developmentRegion = en;
			hasScannedForEncodings = 0;
			knownRegions = (
				en,
				Base,
			);
			mainGroup = 2F6AB0DA290EBA6200E1185E;
			productRefGroup = 2F6AB0E4290EBA6200E1185E /* Products */;
			projectDirPath = "";
			projectRoot = "";
			targets = (
				2F6AB0E2290EBA6200E1185E /* Your Skin */,
				2F6AB0F3290EBA6400E1185E /* Your SkinTests */,
				2F6AB0FD290EBA6400E1185E /* Your SkinUITests */,
			);
		};
/* End PBXProject section */

/* Begin PBXResourcesBuildPhase section */
		2F6AB0E1290EBA6200E1185E /* Resources */ = {
			isa = PBXResourcesBuildPhase;
			buildActionMask = 2147483647;
			files = (
				2F6AB0EF290EBA6400E1185E /* Preview Assets.xcassets in Resources */,
				2F6AB0EB290EBA6400E1185E /* Assets.xcassets in Resources */,
			);
			runOnlyForDeploymentPostprocessing = 0;
		};
		2F6AB0F2290EBA6400E1185E /* Resources */ = {
			isa = PBXResourcesBuildPhase;
			buildActionMask = 2147483647;
			files = (
			);
			runOnlyForDeploymentPostprocessing = 0;
		};
		2F6AB0FC290EBA6400E1185E /* Resources */ = {
			isa = PBXResourcesBuildPhase;
			buildActionMask = 2147483647;
			files = (
			);
			runOnlyForDeploymentPostprocessing = 0;
		};
/* End PBXResourcesBuildPhase section */

/* Begin PBXSourcesBuildPhase section */
		2F6AB0DF290EBA6200E1185E /* Sources */ = {
			isa = PBXSourcesBuildPhase;
			buildActionMask = 2147483647;
			files = (
				2F6AB0E9290EBA6200E1185E /* ContentView.swift in Sources */,
				2F6AB0E7290EBA6200E1185E /* Your_SkinApp.swift in Sources */,
			);
			runOnlyForDeploymentPostprocessing = 0;
		};
		2F6AB0F0290EBA6400E1185E /* Sources */ = {
			isa = PBXSourcesBuildPhase;
			buildActionMask = 2147483647;
			files = (
				2F6AB0F9290EBA6400E1185E /* Your_SkinTests.swift in Sources */,
			);
			runOnlyForDeploymentPostprocessing = 0;
		};
		2F6AB0FA290EBA6400E1185E /* Sources */ = {
			isa = PBXSourcesBuildPhase;
			buildActionMask = 2147483647;
			files = (
				2F6AB105290EBA6400E1185E /* Your_SkinUITestsLaunchTests.swift in Sources */,
				2F6AB103290EBA6400E1185E /* Your_SkinUITests.swift in Sources */,
			);
			runOnlyForDeploymentPostprocessing = 0;
		};
/* End PBXSourcesBuildPhase section */

/* Begin PBXTargetDependency section */
		2F6AB0F6290EBA6400E1185E /* PBXTargetDependency */ = {
			isa = PBXTargetDependency;
			target = 2F6AB0E2290EBA6200E1185E /* Your Skin */;
			targetProxy = 2F6AB0F5290EBA6400E1185E /* PBXContainerItemProxy */;
		};
		2F6AB100290EBA6400E1185E /* PBXTargetDependency */ = {
			isa = PBXTargetDependency;
			target = 2F6AB0E2290EBA6200E1185E /* Your Skin */;
			targetProxy = 2F6AB0FF290EBA6400E1185E /* PBXContainerItemProxy */;
		};
/* End PBXTargetDependency section */

/* Begin XCBuildConfiguration section */
		2F6AB106290EBA6400E1185E /* Debug */ = {
			isa = XCBuildConfiguration;
			buildSettings = {
				ALWAYS_SEARCH_USER_PATHS = NO;
				CLANG_ANALYZER_NONNULL = YES;
				CLANG_ANALYZER_NUMBER_OBJECT_CONVERSION = YES_AGGRESSIVE;
				CLANG_CXX_LANGUAGE_STANDARD = "gnu++20";
				CLANG_ENABLE_MODULES = YES;
				CLANG_ENABLE_OBJC_ARC = YES;
				CLANG_ENABLE_OBJC_WEAK = YES;
				CLANG_WARN_BLOCK_CAPTURE_AUTORELEASING = YES;
				CLANG_WARN_BOOL_CONVERSION = YES;
				CLANG_WARN_COMMA = YES;
				CLANG_WARN_CONSTANT_CONVERSION = YES;
				CLANG_WARN_DEPRECATED_OBJC_IMPLEMENTATIONS = YES;
				CLANG_WARN_DIRECT_OBJC_ISA_USAGE = YES_ERROR;
				CLANG_WARN_DOCUMENTATION_COMMENTS = YES;
				CLANG_WARN_EMPTY_BODY = YES;
				CLANG_WARN_ENUM_CONVERSION = YES;
				CLANG_WARN_INFINITE_RECURSION = YES;
				CLANG_WARN_INT_CONVERSION = YES;
				CLANG_WARN_NON_LITERAL_NULL_CONVERSION = YES;
				CLANG_WARN_OBJC_IMPLICIT_RETAIN_SELF = YES;
				CLANG_WARN_OBJC_LITERAL_CONVERSION = YES;
				CLANG_WARN_OBJC_ROOT_CLASS = YES_ERROR;
				CLANG_WARN_QUOTED_INCLUDE_IN_FRAMEWORK_HEADER = YES;
				CLANG_WARN_RANGE_LOOP_ANALYSIS = YES;
				CLANG_WARN_STRICT_PROTOTYPES = YES;
				CLANG_WARN_SUSPICIOUS_MOVE = YES;
				CLANG_WARN_UNGUARDED_AVAILABILITY = YES_AGGRESSIVE;
				CLANG_WARN_UNREACHABLE_CODE = YES;
				CLANG_WARN__DUPLICATE_METHOD_MATCH = YES;
				COPY_PHASE_STRIP = NO;
				DEBUG_INFORMATION_FORMAT = dwarf;
				ENABLE_STRICT_OBJC_MSGSEND = YES;
				ENABLE_TESTABILITY = YES;
				GCC_C_LANGUAGE_STANDARD = gnu11;
				GCC_DYNAMIC_NO_PIC = NO;
				GCC_NO_COMMON_BLOCKS = YES;
				GCC_OPTIMIZATION_LEVEL = 0;
				GCC_PREPROCESSOR_DEFINITIONS = (
					"DEBUG=1",
					"$(inherited)",
				);
				GCC_WARN_64_TO_32_BIT_CONVERSION = YES;
				GCC_WARN_ABOUT_RETURN_TYPE = YES_ERROR;
				GCC_WARN_UNDECLARED_SELECTOR = YES;
				GCC_WARN_UNINITIALIZED_AUTOS = YES_AGGRESSIVE;
				GCC_WARN_UNUSED_FUNCTION = YES;
				GCC_WARN_UNUSED_VARIABLE = YES;
				MTL_ENABLE_DEBUG_INFO = INCLUDE_SOURCE;
				MTL_FAST_MATH = YES;
				ONLY_ACTIVE_ARCH = YES;
				SWIFT_ACTIVE_COMPILATION_CONDITIONS = DEBUG;
				SWIFT_OPTIMIZATION_LEVEL = "-Onone";
			};
			name = Debug;
		};
		2F6AB107290EBA6400E1185E /* Release */ = {
			isa = XCBuildConfiguration;
			buildSettings = {
				ALWAYS_SEARCH_USER_PATHS = NO;
				CLANG_ANALYZER_NONNULL = YES;
				CLANG_ANALYZER_NUMBER_OBJECT_CONVERSION = YES_AGGRESSIVE;
				CLANG_CXX_LANGUAGE_STANDARD = "gnu++20";
				CLANG_ENABLE_MODULES = YES;
				CLANG_ENABLE_OBJC_ARC = YES;
				CLANG_ENABLE_OBJC_WEAK = YES;
				CLANG_WARN_BLOCK_CAPTURE_AUTORELEASING = YES;
				CLANG_WARN_BOOL_CONVERSION = YES;
				CLANG_WARN_COMMA = YES;
				CLANG_WARN_CONSTANT_CONVERSION = YES;
				CLANG_WARN_DEPRECATED_OBJC_IMPLEMENTATIONS = YES;
				CLANG_WARN_DIRECT_OBJC_ISA_USAGE = YES_ERROR;
				CLANG_WARN_DOCUMENTATION_COMMENTS = YES;
				CLANG_WARN_EMPTY_BODY = YES;
				CLANG_WARN_ENUM_CONVERSION = YES;
				CLANG_WARN_INFINITE_RECURSION = YES;
				CLANG_WARN_INT_CONVERSION = YES;
				CLANG_WARN_NON_LITERAL_NULL_CONVERSION = YES;
				CLANG_WARN_OBJC_IMPLICIT_RETAIN_SELF = YES;
				CLANG_WARN_OBJC_LITERAL_CONVERSION = YES;
				CLANG_WARN_OBJC_ROOT_CLASS = YES_ERROR;
				CLANG_WARN_QUOTED_INCLUDE_IN_FRAMEWORK_HEADER = YES;
				CLANG_WARN_RANGE_LOOP_ANALYSIS = YES;
				CLANG_WARN_STRICT_PROTOTYPES = YES;
				CLANG_WARN_SUSPICIOUS_MOVE = YES;
				CLANG_WARN_UNGUARDED_AVAILABILITY = YES_AGGRESSIVE;
				CLANG_WARN_UNREACHABLE_CODE = YES;
				CLANG_WARN__DUPLICATE_METHOD_MATCH = YES;
				COPY_PHASE_STRIP = NO;
				DEBUG_INFORMATION_FORMAT = "dwarf-with-dsym";
				ENABLE_NS_ASSERTIONS = NO;
				ENABLE_STRICT_OBJC_MSGSEND = YES;
				GCC_C_LANGUAGE_STANDARD = gnu11;
				GCC_NO_COMMON_BLOCKS = YES;
				GCC_WARN_64_TO_32_BIT_CONVERSION = YES;
				GCC_WARN_ABOUT_RETURN_TYPE = YES_ERROR;
				GCC_WARN_UNDECLARED_SELECTOR = YES;
				GCC_WARN_UNINITIALIZED_AUTOS = YES_AGGRESSIVE;
				GCC_WARN_UNUSED_FUNCTION = YES;
				GCC_WARN_UNUSED_VARIABLE = YES;
				MTL_ENABLE_DEBUG_INFO = NO;
				MTL_FAST_MATH = YES;
				SWIFT_COMPILATION_MODE = wholemodule;
				SWIFT_OPTIMIZATION_LEVEL = "-O";
			};
			name = Release;
		};
		2F6AB109290EBA6400E1185E /* Debug */ = {
			isa = XCBuildConfiguration;
			buildSettings = {
				ASSETCATALOG_COMPILER_APPICON_NAME = AppIcon;
				ASSETCATALOG_COMPILER_GLOBAL_ACCENT_COLOR_NAME = AccentColor;
				CODE_SIGN_ENTITLEMENTS = "Your Skin/Your_Skin.entitlements";
				CODE_SIGN_STYLE = Automatic;
				CURRENT_PROJECT_VERSION = 1;
				DEVELOPMENT_ASSET_PATHS = "\"Your Skin/Preview Content\"";
				ENABLE_PREVIEWS = YES;
				GENERATE_INFOPLIST_FILE = YES;
				"INFOPLIST_KEY_UIApplicationSceneManifest_Generation[sdk=iphoneos*]" = YES;
				"INFOPLIST_KEY_UIApplicationSceneManifest_Generation[sdk=iphonesimulator*]" = YES;
				"INFOPLIST_KEY_UIApplicationSupportsIndirectInputEvents[sdk=iphoneos*]" = YES;
				"INFOPLIST_KEY_UIApplicationSupportsIndirectInputEvents[sdk=iphonesimulator*]" = YES;
				"INFOPLIST_KEY_UILaunchScreen_Generation[sdk=iphoneos*]" = YES;
				"INFOPLIST_KEY_UILaunchScreen_Generation[sdk=iphonesimulator*]" = YES;
				"INFOPLIST_KEY_UIStatusBarStyle[sdk=iphoneos*]" = UIStatusBarStyleDefault;
				"INFOPLIST_KEY_UIStatusBarStyle[sdk=iphonesimulator*]" = UIStatusBarStyleDefault;
				INFOPLIST_KEY_UISupportedInterfaceOrientations_iPad = "UIInterfaceOrientationPortrait UIInterfaceOrientationPortraitUpsideDown UIInterfaceOrientationLandscapeLeft UIInterfaceOrientationLandscapeRight";
				INFOPLIST_KEY_UISupportedInterfaceOrientations_iPhone = "UIInterfaceOrientationPortrait UIInterfaceOrientationLandscapeLeft UIInterfaceOrientationLandscapeRight";
				IPHONEOS_DEPLOYMENT_TARGET = 16.0;
				LD_RUNPATH_SEARCH_PATHS = "@executable_path/Frameworks";
				"LD_RUNPATH_SEARCH_PATHS[sdk=macosx*]" = "@executable_path/../Frameworks";
				MACOSX_DEPLOYMENT_TARGET = 12.3;
				MARKETING_VERSION = 1.0;
				PRODUCT_BUNDLE_IDENTIFIER = "TheThirdPhase.Your-Skin";
				PRODUCT_NAME = "$(TARGET_NAME)";
				SDKROOT = auto;
				SUPPORTED_PLATFORMS = "iphoneos iphonesimulator macosx";
				SWIFT_EMIT_LOC_STRINGS = YES;
				SWIFT_VERSION = 5.0;
				TARGETED_DEVICE_FAMILY = "1,2";
			};
			name = Debug;
		};
		2F6AB10A290EBA6400E1185E /* Release */ = {
			isa = XCBuildConfiguration;
			buildSettings = {
				ASSETCATALOG_COMPILER_APPICON_NAME = AppIcon;
				ASSETCATALOG_COMPILER_GLOBAL_ACCENT_COLOR_NAME = AccentColor;
				CODE_SIGN_ENTITLEMENTS = "Your Skin/Your_Skin.entitlements";
				CODE_SIGN_STYLE = Automatic;
				CURRENT_PROJECT_VERSION = 1;
				DEVELOPMENT_ASSET_PATHS = "\"Your Skin/Preview Content\"";
				ENABLE_PREVIEWS = YES;
				GENERATE_INFOPLIST_FILE = YES;
				"INFOPLIST_KEY_UIApplicationSceneManifest_Generation[sdk=iphoneos*]" = YES;
				"INFOPLIST_KEY_UIApplicationSceneManifest_Generation[sdk=iphonesimulator*]" = YES;
				"INFOPLIST_KEY_UIApplicationSupportsIndirectInputEvents[sdk=iphoneos*]" = YES;
				"INFOPLIST_KEY_UIApplicationSupportsIndirectInputEvents[sdk=iphonesimulator*]" = YES;
				"INFOPLIST_KEY_UILaunchScreen_Generation[sdk=iphoneos*]" = YES;
				"INFOPLIST_KEY_UILaunchScreen_Generation[sdk=iphonesimulator*]" = YES;
				"INFOPLIST_KEY_UIStatusBarStyle[sdk=iphoneos*]" = UIStatusBarStyleDefault;
				"INFOPLIST_KEY_UIStatusBarStyle[sdk=iphonesimulator*]" = UIStatusBarStyleDefault;
				INFOPLIST_KEY_UISupportedInterfaceOrientations_iPad = "UIInterfaceOrientationPortrait UIInterfaceOrientationPortraitUpsideDown UIInterfaceOrientationLandscapeLeft UIInterfaceOrientationLandscapeRight";
				INFOPLIST_KEY_UISupportedInterfaceOrientations_iPhone = "UIInterfaceOrientationPortrait UIInterfaceOrientationLandscapeLeft UIInterfaceOrientationLandscapeRight";
				IPHONEOS_DEPLOYMENT_TARGET = 16.0;
				LD_RUNPATH_SEARCH_PATHS = "@executable_path/Frameworks";
				"LD_RUNPATH_SEARCH_PATHS[sdk=macosx*]" = "@executable_path/../Frameworks";
				MACOSX_DEPLOYMENT_TARGET = 12.3;
				MARKETING_VERSION = 1.0;
				PRODUCT_BUNDLE_IDENTIFIER = "TheThirdPhase.Your-Skin";
				PRODUCT_NAME = "$(TARGET_NAME)";
				SDKROOT = auto;
				SUPPORTED_PLATFORMS = "iphoneos iphonesimulator macosx";
				SWIFT_EMIT_LOC_STRINGS = YES;
				SWIFT_VERSION = 5.0;
				TARGETED_DEVICE_FAMILY = "1,2";
			};
			name = Release;
		};
		2F6AB10C290EBA6400E1185E /* Debug */ = {
			isa = XCBuildConfiguration;
			buildSettings = {
				ALWAYS_EMBED_SWIFT_STANDARD_LIBRARIES = YES;
				BUNDLE_LOADER = "$(TEST_HOST)";
				CODE_SIGN_STYLE = Automatic;
				CURRENT_PROJECT_VERSION = 1;
				GENERATE_INFOPLIST_FILE = YES;
				IPHONEOS_DEPLOYMENT_TARGET = 16.0;
				MACOSX_DEPLOYMENT_TARGET = 12.3;
				MARKETING_VERSION = 1.0;
				PRODUCT_BUNDLE_IDENTIFIER = "TheThirdPhase.Your-SkinTests";
				PRODUCT_NAME = "$(TARGET_NAME)";
				SDKROOT = auto;
				SUPPORTED_PLATFORMS = "iphoneos iphonesimulator macosx";
				SWIFT_EMIT_LOC_STRINGS = NO;
				SWIFT_VERSION = 5.0;
				TARGETED_DEVICE_FAMILY = "1,2";
				TEST_HOST = "$(BUILT_PRODUCTS_DIR)/Your Skin.app/$(BUNDLE_EXECUTABLE_FOLDER_PATH)/Your Skin";
			};
			name = Debug;
		};
		2F6AB10D290EBA6400E1185E /* Release */ = {
			isa = XCBuildConfiguration;
			buildSettings = {
				ALWAYS_EMBED_SWIFT_STANDARD_LIBRARIES = YES;
				BUNDLE_LOADER = "$(TEST_HOST)";
				CODE_SIGN_STYLE = Automatic;
				CURRENT_PROJECT_VERSION = 1;
				GENERATE_INFOPLIST_FILE = YES;
				IPHONEOS_DEPLOYMENT_TARGET = 16.0;
				MACOSX_DEPLOYMENT_TARGET = 12.3;
				MARKETING_VERSION = 1.0;
				PRODUCT_BUNDLE_IDENTIFIER = "TheThirdPhase.Your-SkinTests";
				PRODUCT_NAME = "$(TARGET_NAME)";
				SDKROOT = auto;
				SUPPORTED_PLATFORMS = "iphoneos iphonesimulator macosx";
				SWIFT_EMIT_LOC_STRINGS = NO;
				SWIFT_VERSION = 5.0;
				TARGETED_DEVICE_FAMILY = "1,2";
				TEST_HOST = "$(BUILT_PRODUCTS_DIR)/Your Skin.app/$(BUNDLE_EXECUTABLE_FOLDER_PATH)/Your Skin";
			};
			name = Release;
		};
		2F6AB10F290EBA6400E1185E /* Debug */ = {
			isa = XCBuildConfiguration;
			buildSettings = {
				ALWAYS_EMBED_SWIFT_STANDARD_LIBRARIES = YES;
				CODE_SIGN_STYLE = Automatic;
				CURRENT_PROJECT_VERSION = 1;
				GENERATE_INFOPLIST_FILE = YES;
				IPHONEOS_DEPLOYMENT_TARGET = 16.0;
				MACOSX_DEPLOYMENT_TARGET = 12.3;
				MARKETING_VERSION = 1.0;
				PRODUCT_BUNDLE_IDENTIFIER = "TheThirdPhase.Your-SkinUITests";
				PRODUCT_NAME = "$(TARGET_NAME)";
				SDKROOT = auto;
				SUPPORTED_PLATFORMS = "iphoneos iphonesimulator macosx";
				SWIFT_EMIT_LOC_STRINGS = NO;
				SWIFT_VERSION = 5.0;
				TARGETED_DEVICE_FAMILY = "1,2";
				TEST_TARGET_NAME = "Your Skin";
			};
			name = Debug;
		};
		2F6AB110290EBA6400E1185E /* Release */ = {
			isa = XCBuildConfiguration;
			buildSettings = {
				ALWAYS_EMBED_SWIFT_STANDARD_LIBRARIES = YES;
				CODE_SIGN_STYLE = Automatic;
				CURRENT_PROJECT_VERSION = 1;
				GENERATE_INFOPLIST_FILE = YES;
				IPHONEOS_DEPLOYMENT_TARGET = 16.0;
				MACOSX_DEPLOYMENT_TARGET = 12.3;
				MARKETING_VERSION = 1.0;
				PRODUCT_BUNDLE_IDENTIFIER = "TheThirdPhase.Your-SkinUITests";
				PRODUCT_NAME = "$(TARGET_NAME)";
				SDKROOT = auto;
				SUPPORTED_PLATFORMS = "iphoneos iphonesimulator macosx";
				SWIFT_EMIT_LOC_STRINGS = NO;
				SWIFT_VERSION = 5.0;
				TARGETED_DEVICE_FAMILY = "1,2";
				TEST_TARGET_NAME = "Your Skin";
			};
			name = Release;
		};
/* End XCBuildConfiguration section */

/* Begin XCConfigurationList section */
		2F6AB0DE290EBA6200E1185E /* Build configuration list for PBXProject "Your Skin" */ = {
			isa = XCConfigurationList;
			buildConfigurations = (
				2F6AB106290EBA6400E1185E /* Debug */,
				2F6AB107290EBA6400E1185E /* Release */,
			);
			defaultConfigurationIsVisible = 0;
			defaultConfigurationName = Release;
		};
		2F6AB108290EBA6400E1185E /* Build configuration list for PBXNativeTarget "Your Skin" */ = {
			isa = XCConfigurationList;
			buildConfigurations = (
				2F6AB109290EBA6400E1185E /* Debug */,
				2F6AB10A290EBA6400E1185E /* Release */,
			);
			defaultConfigurationIsVisible = 0;
			defaultConfigurationName = Release;
		};
		2F6AB10B290EBA6400E1185E /* Build configuration list for PBXNativeTarget "Your SkinTests" */ = {
			isa = XCConfigurationList;
			buildConfigurations = (
				2F6AB10C290EBA6400E1185E /* Debug */,
				2F6AB10D290EBA6400E1185E /* Release */,
			);
			defaultConfigurationIsVisible = 0;
			defaultConfigurationName = Release;
		};
		2F6AB10E290EBA6400E1185E /* Build configuration list for PBXNativeTarget "Your SkinUITests" */ = {
			isa = XCConfigurationList;
			buildConfigurations = (
				2F6AB10F290EBA6400E1185E /* Debug */,
				2F6AB110290EBA6400E1185E /* Release */,
			);
			defaultConfigurationIsVisible = 0;
			defaultConfigurationName = Release;
		};
/* End XCConfigurationList section */
	};
	rootObject = 2F6AB0DB290EBA6200E1185E /* Project object */;
}
